
Microsoft Visual Studio Solution File, Format Version 12.00
# Visual Studio Version 16
VisualStudioVersion = 16.0.31129.286
MinimumVisualStudioVersion = 10.0.40219.1
Project("{FAE04EC0-301F-11D3-BF4B-00C04F79EFBC}") = "StreamingCentral", "StreamingCentral\StreamingCentral.csproj", "{F08FD7FF-EA95-426C-B301-D2DD41050812}"
EndProject
Global
	GlobalSection(SolutionConfigurationPlatforms) = preSolution
		Debug|Any CPU = Debug|Any CPU
		Release|Any CPU = Release|Any CPU
	EndGlobalSection
	GlobalSection(ProjectConfigurationPlatforms) = postSolution
		{F08FD7FF-EA95-426C-B301-D2DD41050812}.Debug|Any CPU.ActiveCfg = Debug|Any CPU
		{F08FD7FF-EA95-426C-B301-D2DD41050812}.Debug|Any CPU.Build.0 = Debug|Any CPU
		{F08FD7FF-EA95-426C-B301-D2DD41050812}.Release|Any CPU.ActiveCfg = Release|Any CPU
		{F08FD7FF-EA95-426C-B301-D2DD41050812}.Release|Any CPU.Build.0 = Release|Any CPU
	EndGlobalSection
	GlobalSection(SolutionProperties) = preSolution
		HideSolutionNode = FALSE
	EndGlobalSection
	GlobalSection(ExtensibilityGlobals) = postSolution
		SolutionGuid = {D26DFEBB-F027-42F0-8D40-060A51615A12}
	EndGlobalSection
EndGlobal
